
Microsoft Visual Studio Solution File, Format Version 12.00
# Visual Studio Version 17
VisualStudioVersion = 17.0.31903.59
MinimumVisualStudioVersion = 10.0.40219.1
Project("{2150E333-8FDC-42A3-9474-1A3956D46DE8}") = "src", "src", "{827E0CD3-B72D-47B6-A68D-7590B98EB39B}"
EndProject
Project("{FAE04EC0-301F-11D3-BF4B-00C04F79EFBC}") = "PhotoDemon.Core", "src\PhotoDemon.Core\PhotoDemon.Core.csproj", "{08C9EDA1-EE00-4BC7-BF5C-093189132E50}"
EndProject
Project("{FAE04EC0-301F-11D3-BF4B-00C04F79EFBC}") = "PhotoDemon.Services", "src\PhotoDemon.Services\PhotoDemon.Services.csproj", "{BFC6F491-D9E1-4612-BAFB-837A82DADA90}"
EndProject
Project("{FAE04EC0-301F-11D3-BF4B-00C04F79EFBC}") = "PhotoDemon.Maui", "src\PhotoDemon.Maui\PhotoDemon.Maui.csproj", "{37986214-C618-4B5F-8CB6-4E6B5BB03794}"
EndProject
Project("{2150E333-8FDC-42A3-9474-1A3956D46DE8}") = "tests", "tests", "{0AB3BF05-4346-4AA6-1389-037BE0695223}"
EndProject
Project("{FAE04EC0-301F-11D3-BF4B-00C04F79EFBC}") = "PhotoDemon.Core.Tests", "tests\PhotoDemon.Core.Tests\PhotoDemon.Core.Tests.csproj", "{CBC944E2-65B5-47FA-9F61-05A0E18B8192}"
EndProject
Project("{FAE04EC0-301F-11D3-BF4B-00C04F79EFBC}") = "PhotoDemon.Services.Tests", "tests\PhotoDemon.Services.Tests\PhotoDemon.Services.Tests.csproj", "{4D3359C8-CFFA-4C10-974E-2A145FEF3CE6}"
EndProject
Global
	GlobalSection(SolutionConfigurationPlatforms) = preSolution
		Debug|Any CPU = Debug|Any CPU
		Debug|x64 = Debug|x64
		Debug|x86 = Debug|x86
		Release|Any CPU = Release|Any CPU
		Release|x64 = Release|x64
		Release|x86 = Release|x86
	EndGlobalSection
	GlobalSection(ProjectConfigurationPlatforms) = postSolution
		{08C9EDA1-EE00-4BC7-BF5C-093189132E50}.Debug|Any CPU.ActiveCfg = Debug|Any CPU
		{08C9EDA1-EE00-4BC7-BF5C-093189132E50}.Debug|Any CPU.Build.0 = Debug|Any CPU
		{08C9EDA1-EE00-4BC7-BF5C-093189132E50}.Debug|x64.ActiveCfg = Debug|Any CPU
		{08C9EDA1-EE00-4BC7-BF5C-093189132E50}.Debug|x64.Build.0 = Debug|Any CPU
		{08C9EDA1-EE00-4BC7-BF5C-093189132E50}.Debug|x86.ActiveCfg = Debug|Any CPU
		{08C9EDA1-EE00-4BC7-BF5C-093189132E50}.Debug|x86.Build.0 = Debug|Any CPU
		{08C9EDA1-EE00-4BC7-BF5C-093189132E50}.Release|Any CPU.ActiveCfg = Release|Any CPU
		{08C9EDA1-EE00-4BC7-BF5C-093189132E50}.Release|Any CPU.Build.0 = Release|Any CPU
		{08C9EDA1-EE00-4BC7-BF5C-093189132E50}.Release|x64.ActiveCfg = Release|Any CPU
		{08C9EDA1-EE00-4BC7-BF5C-093189132E50}.Release|x64.Build.0 = Release|Any CPU
		{08C9EDA1-EE00-4BC7-BF5C-093189132E50}.Release|x86.ActiveCfg = Release|Any CPU
		{08C9EDA1-EE00-4BC7-BF5C-093189132E50}.Release|x86.Build.0 = Release|Any CPU
		{BFC6F491-D9E1-4612-BAFB-837A82DADA90}.Debug|Any CPU.ActiveCfg = Debug|Any CPU
		{BFC6F491-D9E1-4612-BAFB-837A82DADA90}.Debug|Any CPU.Build.0 = Debug|Any CPU
		{BFC6F491-D9E1-4612-BAFB-837A82DADA90}.Debug|x64.ActiveCfg = Debug|Any CPU
		{BFC6F491-D9E1-4612-BAFB-837A82DADA90}.Debug|x64.Build.0 = Debug|Any CPU
		{BFC6F491-D9E1-4612-BAFB-837A82DADA90}.Debug|x86.ActiveCfg = Debug|Any CPU
		{BFC6F491-D9E1-4612-BAFB-837A82DADA90}.Debug|x86.Build.0 = Debug|Any CPU
		{BFC6F491-D9E1-4612-BAFB-837A82DADA90}.Release|Any CPU.ActiveCfg = Release|Any CPU
		{BFC6F491-D9E1-4612-BAFB-837A82DADA90}.Release|Any CPU.Build.0 = Release|Any CPU
		{BFC6F491-D9E1-4612-BAFB-837A82DADA90}.Release|x64.ActiveCfg = Release|Any CPU
		{BFC6F491-D9E1-4612-BAFB-837A82DADA90}.Release|x64.Build.0 = Release|Any CPU
		{BFC6F491-D9E1-4612-BAFB-837A82DADA90}.Release|x86.ActiveCfg = Release|Any CPU
		{BFC6F491-D9E1-4612-BAFB-837A82DADA90}.Release|x86.Build.0 = Release|Any CPU
		{37986214-C618-4B5F-8CB6-4E6B5BB03794}.Debug|Any CPU.ActiveCfg = Debug|Any CPU
		{37986214-C618-4B5F-8CB6-4E6B5BB03794}.Debug|Any CPU.Build.0 = Debug|Any CPU
		{37986214-C618-4B5F-8CB6-4E6B5BB03794}.Debug|x64.ActiveCfg = Debug|Any CPU
		{37986214-C618-4B5F-8CB6-4E6B5BB03794}.Debug|x64.Build.0 = Debug|Any CPU
		{37986214-C618-4B5F-8CB6-4E6B5BB03794}.Debug|x86.ActiveCfg = Debug|Any CPU
		{37986214-C618-4B5F-8CB6-4E6B5BB03794}.Debug|x86.Build.0 = Debug|Any CPU
		{37986214-C618-4B5F-8CB6-4E6B5BB03794}.Release|Any CPU.ActiveCfg = Release|Any CPU
		{37986214-C618-4B5F-8CB6-4E6B5BB03794}.Release|Any CPU.Build.0 = Release|Any CPU
		{37986214-C618-4B5F-8CB6-4E6B5BB03794}.Release|x64.ActiveCfg = Release|Any CPU
		{37986214-C618-4B5F-8CB6-4E6B5BB03794}.Release|x64.Build.0 = Release|Any CPU
		{37986214-C618-4B5F-8CB6-4E6B5BB03794}.Release|x86.ActiveCfg = Release|Any CPU
		{37986214-C618-4B5F-8CB6-4E6B5BB03794}.Release|x86.Build.0 = Release|Any CPU
		{CBC944E2-65B5-47FA-9F61-05A0E18B8192}.Debug|Any CPU.ActiveCfg = Debug|Any CPU
		{CBC944E2-65B5-47FA-9F61-05A0E18B8192}.Debug|Any CPU.Build.0 = Debug|Any CPU
		{CBC944E2-65B5-47FA-9F61-05A0E18B8192}.Debug|x64.ActiveCfg = Debug|Any CPU
		{CBC944E2-65B5-47FA-9F61-05A0E18B8192}.Debug|x64.Build.0 = Debug|Any CPU
		{CBC944E2-65B5-47FA-9F61-05A0E18B8192}.Debug|x86.ActiveCfg = Debug|Any CPU
		{CBC944E2-65B5-47FA-9F61-05A0E18B8192}.Debug|x86.Build.0 = Debug|Any CPU
		{CBC944E2-65B5-47FA-9F61-05A0E18B8192}.Release|Any CPU.ActiveCfg = Release|Any CPU
		{CBC944E2-65B5-47FA-9F61-05A0E18B8192}.Release|Any CPU.Build.0 = Release|Any CPU
		{CBC944E2-65B5-47FA-9F61-05A0E18B8192}.Release|x64.ActiveCfg = Release|Any CPU
		{CBC944E2-65B5-47FA-9F61-05A0E18B8192}.Release|x64.Build.0 = Release|Any CPU
		{CBC944E2-65B5-47FA-9F61-05A0E18B8192}.Release|x86.ActiveCfg = Release|Any CPU
		{CBC944E2-65B5-47FA-9F61-05A0E18B8192}.Release|x86.Build.0 = Release|Any CPU
		{4D3359C8-CFFA-4C10-974E-2A145FEF3CE6}.Debug|Any CPU.ActiveCfg = Debug|Any CPU
		{4D3359C8-CFFA-4C10-974E-2A145FEF3CE6}.Debug|Any CPU.Build.0 = Debug|Any CPU
		{4D3359C8-CFFA-4C10-974E-2A145FEF3CE6}.Debug|x64.ActiveCfg = Debug|Any CPU
		{4D3359C8-CFFA-4C10-974E-2A145FEF3CE6}.Debug|x64.Build.0 = Debug|Any CPU
		{4D3359C8-CFFA-4C10-974E-2A145FEF3CE6}.Debug|x86.ActiveCfg = Debug|Any CPU
		{4D3359C8-CFFA-4C10-974E-2A145FEF3CE6}.Debug|x86.Build.0 = Debug|Any CPU
		{4D3359C8-CFFA-4C10-974E-2A145FEF3CE6}.Release|Any CPU.ActiveCfg = Release|Any CPU
		{4D3359C8-CFFA-4C10-974E-2A145FEF3CE6}.Release|Any CPU.Build.0 = Release|Any CPU
		{4D3359C8-CFFA-4C10-974E-2A145FEF3CE6}.Release|x64.ActiveCfg = Release|Any CPU
		{4D3359C8-CFFA-4C10-974E-2A145FEF3CE6}.Release|x64.Build.0 = Release|Any CPU
		{4D3359C8-CFFA-4C10-974E-2A145FEF3CE6}.Release|x86.ActiveCfg = Release|Any CPU
		{4D3359C8-CFFA-4C10-974E-2A145FEF3CE6}.Release|x86.Build.0 = Release|Any CPU
	EndGlobalSection
	GlobalSection(SolutionProperties) = preSolution
		HideSolutionNode = FALSE
	EndGlobalSection
	GlobalSection(NestedProjects) = preSolution
		{08C9EDA1-EE00-4BC7-BF5C-093189132E50} = {827E0CD3-B72D-47B6-A68D-7590B98EB39B}
		{BFC6F491-D9E1-4612-BAFB-837A82DADA90} = {827E0CD3-B72D-47B6-A68D-7590B98EB39B}
		{37986214-C618-4B5F-8CB6-4E6B5BB03794} = {827E0CD3-B72D-47B6-A68D-7590B98EB39B}
		{CBC944E2-65B5-47FA-9F61-05A0E18B8192} = {0AB3BF05-4346-4AA6-1389-037BE0695223}
		{4D3359C8-CFFA-4C10-974E-2A145FEF3CE6} = {0AB3BF05-4346-4AA6-1389-037BE0695223}
	EndGlobalSection
EndGlobal
